
Microsoft Visual Studio Solution File, Format Version 12.00
# Visual Studio Version 16
VisualStudioVersion = 16.0.31105.61
MinimumVisualStudioVersion = 10.0.40219.1
Project("{FAE04EC0-301F-11D3-BF4B-00C04F79EFBC}") = "Server_DataBase", "Server_DataBase\Server_DataBase.csproj", "{BC4665A6-00F7-4B0C-85D2-CD394AD3DAA5}"
EndProject
Global
	GlobalSection(SolutionConfigurationPlatforms) = preSolution
		Debug|Any CPU = Debug|Any CPU
		Release|Any CPU = Release|Any CPU
	EndGlobalSection
	GlobalSection(ProjectConfigurationPlatforms) = postSolution
		{BC4665A6-00F7-4B0C-85D2-CD394AD3DAA5}.Debug|Any CPU.ActiveCfg = Debug|Any CPU
		{BC4665A6-00F7-4B0C-85D2-CD394AD3DAA5}.Debug|Any CPU.Build.0 = Debug|Any CPU
		{BC4665A6-00F7-4B0C-85D2-CD394AD3DAA5}.Release|Any CPU.ActiveCfg = Release|Any CPU
		{BC4665A6-00F7-4B0C-85D2-CD394AD3DAA5}.Release|Any CPU.Build.0 = Release|Any CPU
	EndGlobalSection
	GlobalSection(SolutionProperties) = preSolution
		HideSolutionNode = FALSE
	EndGlobalSection
	GlobalSection(ExtensibilityGlobals) = postSolution
		SolutionGuid = {AA929130-3FEF-4FEF-84E2-118907F23539}
	EndGlobalSection
EndGlobal
